{
  "name": "smart-industrial-monitoring",
  "version": "1.0.0",
  "lockfileVersion": 3,
  "requires": true,
  "packages": {
    "": {
      "name": "smart-industrial-monitoring",
      "version": "1.0.0",
      "dependencies": {
        "dotenv": "^16.4.7",
        "nodemailer": "^10.0.15"
      },
      "engines": {
        "node": ">=20"
      }
    },
    "node_modules/dotenv": {
      "version": "16.6.1",
      "resolved": "https://registry.npmjs.org/dotenv/-/dotenv-16.6.1.tgz",
      "integrity": "sha512-uBq4egWHTcTt33a72vpSG0z3HnPuIl6NqYcTrKEg2azoEyl2hpW0zqlxysq2pK9HlDIHyHyakeYaYnSAwd8bow==",
      "license": "BSD-2-Clause",
      "engines": {
        "node": ">=12"
      },
      "funding": {
        "url": "https://dotenvx.com"
      }
    },
    "node_modules/nodemailer": {
      "version": "10.0.15",
      "resolved": "https://registry.npmjs.org/nodemailer/-/nodemailer-10.0.15.tgz",
      "integrity": "sha512-EUqp5PhtcsYXs9Fq/lS7s/8zlTrnBqmzZWzFFROrNikMiz+om/YRKMwqN907t+0A1KKyT8jd39CBUbFZmaZmcA==",
      "license": "MIT-0",
      "engines": {
        "node": ">=20.0.0"
      }
    }
  }
}
